// !$*UTF8*$!
{
	archiveVersion = 1;
	classes = {
	};
	objectVersion = 46;
	objects = {

/* Begin PBXBuildFile section */
		2C37CDC7272A806200CF902F /* CreditCardScannerError.swift in Sources */ = {isa = PBXBuildFile; fileRef = 2C37CDC0272A806100CF902F /* CreditCardScannerError.swift */; };
		2C37CDC8272A806200CF902F /* CameraView.swift in Sources */ = {isa = PBXBuildFile; fileRef = 2C37CDC1272A806100CF902F /* CameraView.swift */; };
		2C37CDC9272A806200CF902F /* CreditCard.swift in Sources */ = {isa = PBXBuildFile; fileRef = 2C37CDC2272A806100CF902F /* CreditCard.swift */; };
		2C37CDCA272A806200CF902F /* CreditCardScannerViewController.swift in Sources */ = {isa = PBXBuildFile; fileRef = 2C37CDC3272A806100CF902F /* CreditCardScannerViewController.swift */; };
		2C37CDCB272A806200CF902F /* ImageAnalyzer.swift in Sources */ = {isa = PBXBuildFile; fileRef = 2C37CDC4272A806100CF902F /* ImageAnalyzer.swift */; };
		2C37CDCC272A806200CF902F /* ImageRatio.swift in Sources */ = {isa = PBXBuildFile; fileRef = 2C37CDC5272A806200CF902F /* ImageRatio.swift */; };
		2C37CDCD272A806200CF902F /* Reg.swift in Sources */ = {isa = PBXBuildFile; fileRef = 2C37CDC6272A806200CF902F /* Reg.swift */; };
		2C37CDCF272A820000CF902F /* VisionModules.swift in Sources */ = {isa = PBXBuildFile; fileRef = 2C37CDCE272A820000CF902F /* VisionModules.swift */; };
		2C37CDD1272A821B00CF902F /* PayCardsModules.swift in Sources */ = {isa = PBXBuildFile; fileRef = 2C37CDD0272A821B00CF902F /* PayCardsModules.swift */; };
		2C37CDD3272A841800CF902F /* CardScannerModules.swift in Sources */ = {isa = PBXBuildFile; fileRef = 2C37CDD2272A841800CF902F /* CardScannerModules.swift */; };
		B5EFE04505D215BB275ABF4D /* libPods-CardScanner.a in Frameworks */ = {isa = PBXBuildFile; fileRef = 357AA59667AB9BFFE12125AD /* libPods-CardScanner.a */; };
/* End PBXBuildFile section */

/* Begin PBXCopyFilesBuildPhase section */
		58B511D91A9E6C8500147676 /* CopyFiles */ = {
			isa = PBXCopyFilesBuildPhase;
			buildActionMask = 2147483647;
			dstPath = "include/$(PRODUCT_NAME)";
			dstSubfolderSpec = 16;
			files = (
			);
			runOnlyForDeploymentPostprocessing = 0;
		};
/* End PBXCopyFilesBuildPhase section */

/* Begin PBXFileReference section */
		01B9CE94705F6E86AF13513C /* Pods-CardScanner.debug.xcconfig */ = {isa = PBXFileReference; includeInIndex = 1; lastKnownFileType = text.xcconfig; name = "Pods-CardScanner.debug.xcconfig"; path = "Target Support Files/Pods-CardScanner/Pods-CardScanner.debug.xcconfig"; sourceTree = "<group>"; };
		134814201AA4EA6300B7C361 /* libCardScanner.a */ = {isa = PBXFileReference; explicitFileType = archive.ar; includeInIndex = 0; path = libCardScanner.a; sourceTree = BUILT_PRODUCTS_DIR; };
		2C37CDC0272A806100CF902F /* CreditCardScannerError.swift */ = {isa = PBXFileReference; fileEncoding = 4; lastKnownFileType = sourcecode.swift; path = CreditCardScannerError.swift; sourceTree = "<group>"; };
		2C37CDC1272A806100CF902F /* CameraView.swift */ = {isa = PBXFileReference; fileEncoding = 4; lastKnownFileType = sourcecode.swift; path = CameraView.swift; sourceTree = "<group>"; };
		2C37CDC2272A806100CF902F /* CreditCard.swift */ = {isa = PBXFileReference; fileEncoding = 4; lastKnownFileType = sourcecode.swift; path = CreditCard.swift; sourceTree = "<group>"; };
		2C37CDC3272A806100CF902F /* CreditCardScannerViewController.swift */ = {isa = PBXFileReference; fileEncoding = 4; lastKnownFileType = sourcecode.swift; path = CreditCardScannerViewController.swift; sourceTree = "<group>"; };
		2C37CDC4272A806100CF902F /* ImageAnalyzer.swift */ = {isa = PBXFileReference; fileEncoding = 4; lastKnownFileType = sourcecode.swift; path = ImageAnalyzer.swift; sourceTree = "<group>"; };
		2C37CDC5272A806200CF902F /* ImageRatio.swift */ = {isa = PBXFileReference; fileEncoding = 4; lastKnownFileType = sourcecode.swift; path = ImageRatio.swift; sourceTree = "<group>"; };
		2C37CDC6272A806200CF902F /* Reg.swift */ = {isa = PBXFileReference; fileEncoding = 4; lastKnownFileType = sourcecode.swift; path = Reg.swift; sourceTree = "<group>"; };
		2C37CDCE272A820000CF902F /* VisionModules.swift */ = {isa = PBXFileReference; lastKnownFileType = sourcecode.swift; path = VisionModules.swift; sourceTree = "<group>"; };
		2C37CDD0272A821B00CF902F /* PayCardsModules.swift */ = {isa = PBXFileReference; lastKnownFileType = sourcecode.swift; path = PayCardsModules.swift; sourceTree = "<group>"; };
		2C37CDD2272A841800CF902F /* CardScannerModules.swift */ = {isa = PBXFileReference; lastKnownFileType = sourcecode.swift; path = CardScannerModules.swift; sourceTree = "<group>"; };
		2C37CE14272FD02200CF902F /* CardScanner.h */ = {isa = PBXFileReference; lastKnownFileType = sourcecode.c.h; path = CardScanner.h; sourceTree = "<group>"; };
		357AA59667AB9BFFE12125AD /* libPods-CardScanner.a */ = {isa = PBXFileReference; explicitFileType = archive.ar; includeInIndex = 0; path = "libPods-CardScanner.a"; sourceTree = BUILT_PRODUCTS_DIR; };
		B3E7B5891CC2AC0600A0062D /* CardScanner.m */ = {isa = PBXFileReference; fileEncoding = 4; lastKnownFileType = sourcecode.c.objc; path = CardScanner.m; sourceTree = "<group>"; };
		F9C05A78CE42A9945B851597 /* Pods-CardScanner.release.xcconfig */ = {isa = PBXFileReference; includeInIndex = 1; lastKnownFileType = text.xcconfig; name = "Pods-CardScanner.release.xcconfig"; path = "Target Support Files/Pods-CardScanner/Pods-CardScanner.release.xcconfig"; sourceTree = "<group>"; };
/* End PBXFileReference section */

/* Begin PBXFrameworksBuildPhase section */
		58B511D81A9E6C8500147676 /* Frameworks */ = {
			isa = PBXFrameworksBuildPhase;
			buildActionMask = 2147483647;
			files = (
				B5EFE04505D215BB275ABF4D /* libPods-CardScanner.a in Frameworks */,
			);
			runOnlyForDeploymentPostprocessing = 0;
		};
/* End PBXFrameworksBuildPhase section */

/* Begin PBXGroup section */
		134814211AA4EA7D00B7C361 /* Products */ = {
			isa = PBXGroup;
			children = (
				134814201AA4EA6300B7C361 /* libCardScanner.a */,
			);
			name = Products;
			sourceTree = "<group>";
		};
		15F8DC6BC672AA077E1758A1 /* Pods */ = {
			isa = PBXGroup;
			children = (
				01B9CE94705F6E86AF13513C /* Pods-CardScanner.debug.xcconfig */,
				F9C05A78CE42A9945B851597 /* Pods-CardScanner.release.xcconfig */,
			);
			path = Pods;
			sourceTree = "<group>";
		};
		2C37CDBF272A800D00CF902F /* CardModule */ = {
			isa = PBXGroup;
			children = (
				2C37CDC1272A806100CF902F /* CameraView.swift */,
				2C37CDC2272A806100CF902F /* CreditCard.swift */,
				2C37CDC0272A806100CF902F /* CreditCardScannerError.swift */,
				2C37CDC3272A806100CF902F /* CreditCardScannerViewController.swift */,
				2C37CDC4272A806100CF902F /* ImageAnalyzer.swift */,
				2C37CDC5272A806200CF902F /* ImageRatio.swift */,
				2C37CDC6272A806200CF902F /* Reg.swift */,
			);
			path = CardModule;
			sourceTree = "<group>";
		};
		58B511D21A9E6C8500147676 = {
			isa = PBXGroup;
			children = (
				2C37CDD2272A841800CF902F /* CardScannerModules.swift */,
				2C37CDD0272A821B00CF902F /* PayCardsModules.swift */,
				2C37CDCE272A820000CF902F /* VisionModules.swift */,
				2C37CDBF272A800D00CF902F /* CardModule */,
				B3E7B5891CC2AC0600A0062D /* CardScanner.m */,
				2C37CE14272FD02200CF902F /* CardScanner.h */,
				134814211AA4EA7D00B7C361 /* Products */,
				15F8DC6BC672AA077E1758A1 /* Pods */,
				F3D9C64DC6EC176FADC946E8 /* Frameworks */,
			);
			sourceTree = "<group>";
			usesTabs = 0;
		};
		F3D9C64DC6EC176FADC946E8 /* Frameworks */ = {
			isa = PBXGroup;
			children = (
				357AA59667AB9BFFE12125AD /* libPods-CardScanner.a */,
			);
			name = Frameworks;
			sourceTree = "<group>";
		};
/* End PBXGroup section */

/* Begin PBXNativeTarget section */
		58B511DA1A9E6C8500147676 /* CardScanner */ = {
			isa = PBXNativeTarget;
			buildConfigurationList = 58B511EF1A9E6C8500147676 /* Build configuration list for PBXNativeTarget "CardScanner" */;
			buildPhases = (
				A179F82F3CA8B0D7FCC06A30 /* [CP] Check Pods Manifest.lock */,
				58B511D71A9E6C8500147676 /* Sources */,
				58B511D81A9E6C8500147676 /* Frameworks */,
				58B511D91A9E6C8500147676 /* CopyFiles */,
			);
			buildRules = (
			);
			dependencies = (
			);
			name = CardScanner;
			productName = RCTDataManager;
			productReference = 134814201AA4EA6300B7C361 /* libCardScanner.a */;
			productType = "com.apple.product-type.library.static";
		};
/* End PBXNativeTarget section */

/* Begin PBXProject section */
		58B511D31A9E6C8500147676 /* Project object */ = {
			isa = PBXProject;
			attributes = {
				LastUpgradeCheck = 0920;
				ORGANIZATIONNAME = Facebook;
				TargetAttributes = {
					58B511DA1A9E6C8500147676 = {
						CreatedOnToolsVersion = 6.1.1;
						LastSwiftMigration = 1300;
					};
				};
			};
			buildConfigurationList = 58B511D61A9E6C8500147676 /* Build configuration list for PBXProject "CardScanner" */;
			compatibilityVersion = "Xcode 3.2";
			developmentRegion = English;
			hasScannedForEncodings = 0;
			knownRegions = (
				English,
				en,
			);
			mainGroup = 58B511D21A9E6C8500147676;
			productRefGroup = 58B511D21A9E6C8500147676;
			projectDirPath = "";
			projectRoot = "";
			targets = (
				58B511DA1A9E6C8500147676 /* CardScanner */,
			);
		};
/* End PBXProject section */

/* Begin PBXShellScriptBuildPhase section */
		A179F82F3CA8B0D7FCC06A30 /* [CP] Check Pods Manifest.lock */ = {
			isa = PBXShellScriptBuildPhase;
			buildActionMask = 2147483647;
			files = (
			);
			inputFileListPaths = (
			);
			inputPaths = (
				"${PODS_PODFILE_DIR_PATH}/Podfile.lock",
				"${PODS_ROOT}/Manifest.lock",
			);
			name = "[CP] Check Pods Manifest.lock";
			outputFileListPaths = (
			);
			outputPaths = (
				"$(DERIVED_FILE_DIR)/Pods-CardScanner-checkManifestLockResult.txt",
			);
			runOnlyForDeploymentPostprocessing = 0;
			shellPath = /bin/sh;
			shellScript = "diff \"${PODS_PODFILE_DIR_PATH}/Podfile.lock\" \"${PODS_ROOT}/Manifest.lock\" > /dev/null\nif [ $? != 0 ] ; then\n    # print error to STDERR\n    echo \"error: The sandbox is not in sync with the Podfile.lock. Run 'pod install' or update your CocoaPods installation.\" >&2\n    exit 1\nfi\n# This output is used by Xcode 'outputs' to avoid re-running this script phase.\necho \"SUCCESS\" > \"${SCRIPT_OUTPUT_FILE_0}\"\n";
			showEnvVarsInLog = 0;
		};
/* End PBXShellScriptBuildPhase section */

/* Begin PBXSourcesBuildPhase section */
		58B511D71A9E6C8500147676 /* Sources */ = {
			isa = PBXSourcesBuildPhase;
			buildActionMask = 2147483647;
			files = (
				2C37CDC9272A806200CF902F /* CreditCard.swift in Sources */,
				2C37CDC7272A806200CF902F /* CreditCardScannerError.swift in Sources */,
				2C37CDCA272A806200CF902F /* CreditCardScannerViewController.swift in Sources */,
				2C37CDCB272A806200CF902F /* ImageAnalyzer.swift in Sources */,
				2C37CDD3272A841800CF902F /* CardScannerModules.swift in Sources */,
				2C37CDC8272A806200CF902F /* CameraView.swift in Sources */,
				2C37CDD1272A821B00CF902F /* PayCardsModules.swift in Sources */,
				2C37CDCC272A806200CF902F /* ImageRatio.swift in Sources */,
				2C37CDCD272A806200CF902F /* Reg.swift in Sources */,
				2C37CDCF272A820000CF902F /* VisionModules.swift in Sources */,
			);
			runOnlyForDeploymentPostprocessing = 0;
		};
/* End PBXSourcesBuildPhase section */

/* Begin XCBuildConfiguration section */
		58B511ED1A9E6C8500147676 /* Debug */ = {
			isa = XCBuildConfiguration;
			buildSettings = {
				ALWAYS_SEARCH_USER_PATHS = NO;
				CLANG_CXX_LANGUAGE_STANDARD = "gnu++0x";
				CLANG_CXX_LIBRARY = "libc++";
				CLANG_ENABLE_MODULES = YES;
				CLANG_ENABLE_OBJC_ARC = YES;
				CLANG_WARN_BLOCK_CAPTURE_AUTORELEASING = YES;
				CLANG_WARN_BOOL_CONVERSION = YES;
				CLANG_WARN_COMMA = YES;
				CLANG_WARN_CONSTANT_CONVERSION = YES;
				CLANG_WARN_DIRECT_OBJC_ISA_USAGE = YES_ERROR;
				CLANG_WARN_EMPTY_BODY = YES;
				CLANG_WARN_ENUM_CONVERSION = YES;
				CLANG_WARN_INFINITE_RECURSION = YES;
				CLANG_WARN_INT_CONVERSION = YES;
				CLANG_WARN_NON_LITERAL_NULL_CONVERSION = YES;
				CLANG_WARN_OBJC_LITERAL_CONVERSION = YES;
				CLANG_WARN_OBJC_ROOT_CLASS = YES_ERROR;
				CLANG_WARN_RANGE_LOOP_ANALYSIS = YES;
				CLANG_WARN_STRICT_PROTOTYPES = YES;
				CLANG_WARN_SUSPICIOUS_MOVE = YES;
				CLANG_WARN_UNREACHABLE_CODE = YES;
				CLANG_WARN__DUPLICATE_METHOD_MATCH = YES;
				COPY_PHASE_STRIP = NO;
				ENABLE_STRICT_OBJC_MSGSEND = YES;
				ENABLE_TESTABILITY = YES;
				GCC_C_LANGUAGE_STANDARD = gnu99;
				GCC_DYNAMIC_NO_PIC = NO;
				GCC_NO_COMMON_BLOCKS = YES;
				GCC_OPTIMIZATION_LEVEL = 0;
				GCC_PREPROCESSOR_DEFINITIONS = (
					"DEBUG=1",
					"$(inherited)",
				);
				GCC_SYMBOLS_PRIVATE_EXTERN = NO;
				GCC_WARN_64_TO_32_BIT_CONVERSION = YES;
				GCC_WARN_ABOUT_RETURN_TYPE = YES_ERROR;
				GCC_WARN_UNDECLARED_SELECTOR = YES;
				GCC_WARN_UNINITIALIZED_AUTOS = YES_AGGRESSIVE;
				GCC_WARN_UNUSED_FUNCTION = YES;
				GCC_WARN_UNUSED_VARIABLE = YES;
				IPHONEOS_DEPLOYMENT_TARGET = 10.0;
				MTL_ENABLE_DEBUG_INFO = YES;
				ONLY_ACTIVE_ARCH = YES;
				SDKROOT = iphoneos;
			};
			name = Debug;
		};
		58B511EE1A9E6C8500147676 /* Release */ = {
			isa = XCBuildConfiguration;
			buildSettings = {
				ALWAYS_SEARCH_USER_PATHS = NO;
				CLANG_CXX_LANGUAGE_STANDARD = "gnu++0x";
				CLANG_CXX_LIBRARY = "libc++";
				CLANG_ENABLE_MODULES = YES;
				CLANG_ENABLE_OBJC_ARC = YES;
				CLANG_WARN_BLOCK_CAPTURE_AUTORELEASING = YES;
				CLANG_WARN_BOOL_CONVERSION = YES;
				CLANG_WARN_COMMA = YES;
				CLANG_WARN_CONSTANT_CONVERSION = YES;
				CLANG_WARN_DIRECT_OBJC_ISA_USAGE = YES_ERROR;
				CLANG_WARN_EMPTY_BODY = YES;
				CLANG_WARN_ENUM_CONVERSION = YES;
				CLANG_WARN_INFINITE_RECURSION = YES;
				CLANG_WARN_INT_CONVERSION = YES;
				CLANG_WARN_NON_LITERAL_NULL_CONVERSION = YES;
				CLANG_WARN_OBJC_LITERAL_CONVERSION = YES;
				CLANG_WARN_OBJC_ROOT_CLASS = YES_ERROR;
				CLANG_WARN_RANGE_LOOP_ANALYSIS = YES;
				CLANG_WARN_STRICT_PROTOTYPES = YES;
				CLANG_WARN_SUSPICIOUS_MOVE = YES;
				CLANG_WARN_UNREACHABLE_CODE = YES;
				CLANG_WARN__DUPLICATE_METHOD_MATCH = YES;
				COPY_PHASE_STRIP = YES;
				ENABLE_NS_ASSERTIONS = NO;
				ENABLE_STRICT_OBJC_MSGSEND = YES;
				GCC_C_LANGUAGE_STANDARD = gnu99;
				GCC_NO_COMMON_BLOCKS = YES;
				GCC_WARN_64_TO_32_BIT_CONVERSION = YES;
				GCC_WARN_ABOUT_RETURN_TYPE = YES_ERROR;
				GCC_WARN_UNDECLARED_SELECTOR = YES;
				GCC_WARN_UNINITIALIZED_AUTOS = YES_AGGRESSIVE;
				GCC_WARN_UNUSED_FUNCTION = YES;
				GCC_WARN_UNUSED_VARIABLE = YES;
				IPHONEOS_DEPLOYMENT_TARGET = 10.0;
				MTL_ENABLE_DEBUG_INFO = NO;
				SDKROOT = iphoneos;
				VALIDATE_PRODUCT = YES;
			};
			name = Release;
		};
		58B511F01A9E6C8500147676 /* Debug */ = {
			isa = XCBuildConfiguration;
			baseConfigurationReference = 01B9CE94705F6E86AF13513C /* Pods-CardScanner.debug.xcconfig */;
			buildSettings = {
				CLANG_ENABLE_MODULES = YES;
				HEADER_SEARCH_PATHS = (
					"$(inherited)",
					"$(SRCROOT)/../../../React/**",
					"$(SRCROOT)/../../react-native/React/**",
				);
				LD_RUNPATH_SEARCH_PATHS = "$(inherited) @executable_path/Frameworks @loader_path/Frameworks";
				LIBRARY_SEARCH_PATHS = "$(inherited)";
				OTHER_LDFLAGS = "";
				PRODUCT_NAME = CardScanner;
				SKIP_INSTALL = YES;
				SWIFT_OBJC_BRIDGING_HEADER = "";
				SWIFT_OPTIMIZATION_LEVEL = "-Onone";
				SWIFT_VERSION = 5.0;
			};
			name = Debug;
		};
		58B511F11A9E6C8500147676 /* Release */ = {
			isa = XCBuildConfiguration;
			baseConfigurationReference = F9C05A78CE42A9945B851597 /* Pods-CardScanner.release.xcconfig */;
			buildSettings = {
				CLANG_ENABLE_MODULES = YES;
				HEADER_SEARCH_PATHS = (
					"$(inherited)",
					"$(SRCROOT)/../../../React/**",
					"$(SRCROOT)/../../react-native/React/**",
				);
				LD_RUNPATH_SEARCH_PATHS = "$(inherited) @executable_path/Frameworks @loader_path/Frameworks";
				LIBRARY_SEARCH_PATHS = "$(inherited)";
				OTHER_LDFLAGS = "";
				PRODUCT_NAME = CardScanner;
				SKIP_INSTALL = YES;
				SWIFT_OBJC_BRIDGING_HEADER = "";
				SWIFT_VERSION = 5.0;
			};
			name = Release;
		};
/* End XCBuildConfiguration section */

/* Begin XCConfigurationList section */
		58B511D61A9E6C8500147676 /* Build configuration list for PBXProject "CardScanner" */ = {
			isa = XCConfigurationList;
			buildConfigurations = (
				58B511ED1A9E6C8500147676 /* Debug */,
				58B511EE1A9E6C8500147676 /* Release */,
			);
			defaultConfigurationIsVisible = 0;
			defaultConfigurationName = Release;
		};
		58B511EF1A9E6C8500147676 /* Build configuration list for PBXNativeTarget "CardScanner" */ = {
			isa = XCConfigurationList;
			buildConfigurations = (
				58B511F01A9E6C8500147676 /* Debug */,
				58B511F11A9E6C8500147676 /* Release */,
			);
			defaultConfigurationIsVisible = 0;
			defaultConfigurationName = Release;
		};
/* End XCConfigurationList section */
	};
	rootObject = 58B511D31A9E6C8500147676 /* Project object */;
}
